
Microsoft Visual Studio Solution File, Format Version 12.00
# Visual Studio Express 15 for Windows Desktop
VisualStudioVersion = 15.0.28307.1525
MinimumVisualStudioVersion = 10.0.40219.1
Project("{FAE04EC0-301F-11D3-BF4B-00C04F79EFBC}") = "Ex01", "Ex01\Ex01.csproj", "{FFCC6B42-531E-4A54-B90B-C7CB11C52590}"
EndProject
Project("{FAE04EC0-301F-11D3-BF4B-00C04F79EFBC}") = "Ex02", "Ex02\Ex02.csproj", "{27875FE4-482E-41BF-AB51-6AB91E0EF640}"
EndProject
Project("{FAE04EC0-301F-11D3-BF4B-00C04F79EFBC}") = "Ex03", "Ex03\Ex03.csproj", "{9D478A47-465F-436D-806D-A540B5A26CBE}"
EndProject
Project("{FAE04EC0-301F-11D3-BF4B-00C04F79EFBC}") = "Ex04", "Ex04\Ex04.csproj", "{3E77119D-1DA1-4BA9-BA8D-0C78013451B9}"
EndProject
Project("{FAE04EC0-301F-11D3-BF4B-00C04F79EFBC}") = "Ex05", "Ex05\Ex05.csproj", "{35841475-AB2E-4526-9F93-F5B997F235F0}"
EndProject
Project("{FAE04EC0-301F-11D3-BF4B-00C04F79EFBC}") = "Ex06", "Ex06\Ex06.csproj", "{F732EEF0-3DFF-41BD-B312-68B10FDD8D01}"
EndProject
Project("{FAE04EC0-301F-11D3-BF4B-00C04F79EFBC}") = "Ex07", "Ex07\Ex07.csproj", "{1C0B6494-868C-456E-8C10-BC2ABB3EA516}"
EndProject
Project("{FAE04EC0-301F-11D3-BF4B-00C04F79EFBC}") = "Ex08", "Ex08\Ex08.csproj", "{A4792F9F-1F54-4781-9C7E-6E46C0416DEF}"
EndProject
Project("{FAE04EC0-301F-11D3-BF4B-00C04F79EFBC}") = "Ex09", "Ex09\Ex09.csproj", "{E7AD2DED-155D-42F8-8858-AD356DB6A946}"
EndProject
Project("{FAE04EC0-301F-11D3-BF4B-00C04F79EFBC}") = "Ex10", "Ex10\Ex10.csproj", "{03E1E1ED-39FE-4B1E-B6C4-2976C9152A1E}"
EndProject
Project("{FAE04EC0-301F-11D3-BF4B-00C04F79EFBC}") = "Ex11", "Ex11\Ex11.csproj", "{ECB76E04-8C5F-4F72-B2B3-E79452EC7A90}"
EndProject
Project("{FAE04EC0-301F-11D3-BF4B-00C04F79EFBC}") = "Ex11Ans", "Ex11Ans\Ex11Ans.csproj", "{C5700974-95B4-48EE-9063-D8EE236CACCB}"
EndProject
Project("{FAE04EC0-301F-11D3-BF4B-00C04F79EFBC}") = "Ex06Ans", "Ex06Ans\Ex06Ans.csproj", "{68F02A51-0DE3-46C1-B8E9-04344CEF860D}"
EndProject
Global
	GlobalSection(SolutionConfigurationPlatforms) = preSolution
		Debug|Any CPU = Debug|Any CPU
		Release|Any CPU = Release|Any CPU
	EndGlobalSection
	GlobalSection(ProjectConfigurationPlatforms) = postSolution
		{FFCC6B42-531E-4A54-B90B-C7CB11C52590}.Debug|Any CPU.ActiveCfg = Debug|Any CPU
		{FFCC6B42-531E-4A54-B90B-C7CB11C52590}.Debug|Any CPU.Build.0 = Debug|Any CPU
		{FFCC6B42-531E-4A54-B90B-C7CB11C52590}.Release|Any CPU.ActiveCfg = Release|Any CPU
		{FFCC6B42-531E-4A54-B90B-C7CB11C52590}.Release|Any CPU.Build.0 = Release|Any CPU
		{27875FE4-482E-41BF-AB51-6AB91E0EF640}.Debug|Any CPU.ActiveCfg = Debug|Any CPU
		{27875FE4-482E-41BF-AB51-6AB91E0EF640}.Debug|Any CPU.Build.0 = Debug|Any CPU
		{27875FE4-482E-41BF-AB51-6AB91E0EF640}.Release|Any CPU.ActiveCfg = Release|Any CPU
		{27875FE4-482E-41BF-AB51-6AB91E0EF640}.Release|Any CPU.Build.0 = Release|Any CPU
		{9D478A47-465F-436D-806D-A540B5A26CBE}.Debug|Any CPU.ActiveCfg = Debug|Any CPU
		{9D478A47-465F-436D-806D-A540B5A26CBE}.Debug|Any CPU.Build.0 = Debug|Any CPU
		{9D478A47-465F-436D-806D-A540B5A26CBE}.Release|Any CPU.ActiveCfg = Release|Any CPU
		{9D478A47-465F-436D-806D-A540B5A26CBE}.Release|Any CPU.Build.0 = Release|Any CPU
		{3E77119D-1DA1-4BA9-BA8D-0C78013451B9}.Debug|Any CPU.ActiveCfg = Debug|Any CPU
		{3E77119D-1DA1-4BA9-BA8D-0C78013451B9}.Debug|Any CPU.Build.0 = Debug|Any CPU
		{3E77119D-1DA1-4BA9-BA8D-0C78013451B9}.Release|Any CPU.ActiveCfg = Release|Any CPU
		{3E77119D-1DA1-4BA9-BA8D-0C78013451B9}.Release|Any CPU.Build.0 = Release|Any CPU
		{35841475-AB2E-4526-9F93-F5B997F235F0}.Debug|Any CPU.ActiveCfg = Debug|Any CPU
		{35841475-AB2E-4526-9F93-F5B997F235F0}.Debug|Any CPU.Build.0 = Debug|Any CPU
		{35841475-AB2E-4526-9F93-F5B997F235F0}.Release|Any CPU.ActiveCfg = Release|Any CPU
		{35841475-AB2E-4526-9F93-F5B997F235F0}.Release|Any CPU.Build.0 = Release|Any CPU
		{F732EEF0-3DFF-41BD-B312-68B10FDD8D01}.Debug|Any CPU.ActiveCfg = Debug|Any CPU
		{F732EEF0-3DFF-41BD-B312-68B10FDD8D01}.Debug|Any CPU.Build.0 = Debug|Any CPU
		{F732EEF0-3DFF-41BD-B312-68B10FDD8D01}.Release|Any CPU.ActiveCfg = Release|Any CPU
		{F732EEF0-3DFF-41BD-B312-68B10FDD8D01}.Release|Any CPU.Build.0 = Release|Any CPU
		{1C0B6494-868C-456E-8C10-BC2ABB3EA516}.Debug|Any CPU.ActiveCfg = Debug|Any CPU
		{1C0B6494-868C-456E-8C10-BC2ABB3EA516}.Debug|Any CPU.Build.0 = Debug|Any CPU
		{1C0B6494-868C-456E-8C10-BC2ABB3EA516}.Release|Any CPU.ActiveCfg = Release|Any CPU
		{1C0B6494-868C-456E-8C10-BC2ABB3EA516}.Release|Any CPU.Build.0 = Release|Any CPU
		{A4792F9F-1F54-4781-9C7E-6E46C0416DEF}.Debug|Any CPU.ActiveCfg = Debug|Any CPU
		{A4792F9F-1F54-4781-9C7E-6E46C0416DEF}.Debug|Any CPU.Build.0 = Debug|Any CPU
		{A4792F9F-1F54-4781-9C7E-6E46C0416DEF}.Release|Any CPU.ActiveCfg = Release|Any CPU
		{A4792F9F-1F54-4781-9C7E-6E46C0416DEF}.Release|Any CPU.Build.0 = Release|Any CPU
		{E7AD2DED-155D-42F8-8858-AD356DB6A946}.Debug|Any CPU.ActiveCfg = Debug|Any CPU
		{E7AD2DED-155D-42F8-8858-AD356DB6A946}.Debug|Any CPU.Build.0 = Debug|Any CPU
		{E7AD2DED-155D-42F8-8858-AD356DB6A946}.Release|Any CPU.ActiveCfg = Release|Any CPU
		{E7AD2DED-155D-42F8-8858-AD356DB6A946}.Release|Any CPU.Build.0 = Release|Any CPU
		{03E1E1ED-39FE-4B1E-B6C4-2976C9152A1E}.Debug|Any CPU.ActiveCfg = Debug|Any CPU
		{03E1E1ED-39FE-4B1E-B6C4-2976C9152A1E}.Debug|Any CPU.Build.0 = Debug|Any CPU
		{03E1E1ED-39FE-4B1E-B6C4-2976C9152A1E}.Release|Any CPU.ActiveCfg = Release|Any CPU
		{03E1E1ED-39FE-4B1E-B6C4-2976C9152A1E}.Release|Any CPU.Build.0 = Release|Any CPU
		{ECB76E04-8C5F-4F72-B2B3-E79452EC7A90}.Debug|Any CPU.ActiveCfg = Debug|Any CPU
		{ECB76E04-8C5F-4F72-B2B3-E79452EC7A90}.Debug|Any CPU.Build.0 = Debug|Any CPU
		{ECB76E04-8C5F-4F72-B2B3-E79452EC7A90}.Release|Any CPU.ActiveCfg = Release|Any CPU
		{ECB76E04-8C5F-4F72-B2B3-E79452EC7A90}.Release|Any CPU.Build.0 = Release|Any CPU
		{C5700974-95B4-48EE-9063-D8EE236CACCB}.Debug|Any CPU.ActiveCfg = Debug|Any CPU
		{C5700974-95B4-48EE-9063-D8EE236CACCB}.Debug|Any CPU.Build.0 = Debug|Any CPU
		{C5700974-95B4-48EE-9063-D8EE236CACCB}.Release|Any CPU.ActiveCfg = Release|Any CPU
		{C5700974-95B4-48EE-9063-D8EE236CACCB}.Release|Any CPU.Build.0 = Release|Any CPU
		{68F02A51-0DE3-46C1-B8E9-04344CEF860D}.Debug|Any CPU.ActiveCfg = Debug|Any CPU
		{68F02A51-0DE3-46C1-B8E9-04344CEF860D}.Debug|Any CPU.Build.0 = Debug|Any CPU
		{68F02A51-0DE3-46C1-B8E9-04344CEF860D}.Release|Any CPU.ActiveCfg = Release|Any CPU
		{68F02A51-0DE3-46C1-B8E9-04344CEF860D}.Release|Any CPU.Build.0 = Release|Any CPU
	EndGlobalSection
	GlobalSection(SolutionProperties) = preSolution
		HideSolutionNode = FALSE
	EndGlobalSection
	GlobalSection(ExtensibilityGlobals) = postSolution
		SolutionGuid = {927B43E5-33A5-480D-B0A1-554A57660C9F}
	EndGlobalSection
EndGlobal
